
Microsoft Visual Studio Solution File, Format Version 12.00
# Visual Studio Version 17
VisualStudioVersion = 17.0.31612.314
MinimumVisualStudioVersion = 10.0.40219.1
Project("{2150E333-8FDC-42A3-9474-1A3956D46DE8}") = "src", "src", "{BDFD03E4-0A99-49A3-95A7-F7132EC4FF00}"
EndProject
Project("{9A19103F-16F7-4668-BE54-9A1E7A4F7556}") = "KnifeHub.Web", "src\KnifeHub.Web\KnifeHub.Web.csproj", "{30B29087-4E84-4C67-BE3A-1CA8AB47B416}"
EndProject
Project("{E53339B2-1760-4266-BCC7-CA923CBCF16C}") = "docker-compose", "docker-compose.dcproj", "{E4815DEC-037C-4781-900A-6D8005A2F33B}"
EndProject
Project("{2150E333-8FDC-42A3-9474-1A3956D46DE8}") = "plugins", "plugins", "{4B4BFBBE-8CE4-453C-B05A-EAFE933B79C9}"
EndProject
Project("{9A19103F-16F7-4668-BE54-9A1E7A4F7556}") = "QQHelloWorldPlugin", "plugins\QQHelloWorldPlugin\QQHelloWorldPlugin.csproj", "{6243DEEC-C677-412E-955D-BD18E02EB6E3}"
EndProject
Project("{2150E333-8FDC-42A3-9474-1A3956D46DE8}") = "test", "test", "{F5C1CDD2-053C-4C8E-8192-7A97477CFC44}"
EndProject
Project("{9A19103F-16F7-4668-BE54-9A1E7A4F7556}") = "QQStatPlugin", "plugins\QQStatPlugin\QQStatPlugin.csproj", "{D4A8C051-C14E-4123-AF20-794A98FD3662}"
EndProject
Project("{9A19103F-16F7-4668-BE54-9A1E7A4F7556}") = "KnifeHub.Sdk", "src\KnifeHub.Sdk\KnifeHub.Sdk.csproj", "{56C78578-C690-4013-8AB6-1ED28770C2B1}"
EndProject
Project("{9A19103F-16F7-4668-BE54-9A1E7A4F7556}") = "MoLiPlugin", "plugins\MoLiPlugin\MoLiPlugin.csproj", "{F6087CC7-5239-42E3-92D6-51F25F6E3EE8}"
EndProject
Project("{9A19103F-16F7-4668-BE54-9A1E7A4F7556}") = "PluginCore", "src\PluginCore\src\PluginCore\PluginCore.csproj", "{AE51E530-8545-40F5-9070-8314E722FEF9}"
EndProject
Project("{9A19103F-16F7-4668-BE54-9A1E7A4F7556}") = "PluginCore.IPlugins", "src\PluginCore\src\PluginCore.IPlugins\PluginCore.IPlugins.csproj", "{3F1C9ACE-0EC3-45FE-B382-97216429086E}"
EndProject
Project("{9A19103F-16F7-4668-BE54-9A1E7A4F7556}") = "PluginCore.AspNetCore", "src\PluginCore\src\PluginCore.AspNetCore\PluginCore.AspNetCore.csproj", "{F0B0E0DF-4490-478A-9C60-C80F0E290FC2}"
EndProject
Project("{9A19103F-16F7-4668-BE54-9A1E7A4F7556}") = "PluginCore.IPlugins.AspNetCore", "src\PluginCore\src\PluginCore.IPlugins.AspNetCore\PluginCore.IPlugins.AspNetCore.csproj", "{61F02E99-EB5C-4E9E-95D7-A2F7CEAFE077}"
EndProject
Project("{9A19103F-16F7-4668-BE54-9A1E7A4F7556}") = "BackupPlugin", "plugins\BackupPlugin\BackupPlugin.csproj", "{B5F526F5-49A7-41C7-A291-FFFF9A2BA05B}"
EndProject
Project("{9A19103F-16F7-4668-BE54-9A1E7A4F7556}") = "AutoLoginPlugin", "plugins\AutoLoginPlugin\AutoLoginPlugin.csproj", "{4A137527-1CB2-48DF-8BF5-CB9532592D14}"
EndProject
Project("{9A19103F-16F7-4668-BE54-9A1E7A4F7556}") = "QQNotePlugin", "plugins\QQNotePlugin\QQNotePlugin.csproj", "{AA865F02-FB95-4624-94B6-DE51FB34015A}"
EndProject
Project("{9A19103F-16F7-4668-BE54-9A1E7A4F7556}") = "ZhiDaoPlugin", "plugins\ZhiDaoPlugin\ZhiDaoPlugin.csproj", "{19926B94-9C88-42C5-B80F-A76B1134E9CC}"
EndProject
Project("{9A19103F-16F7-4668-BE54-9A1E7A4F7556}") = "QQChannelPlugin", "plugins\QQChannelPlugin\QQChannelPlugin.csproj", "{8BEB0C54-7117-4025-8042-4D947E6E45F2}"
EndProject
Project("{9A19103F-16F7-4668-BE54-9A1E7A4F7556}") = "MoLi4QQChannelPlugin", "plugins\MoLi4QQChannelPlugin\MoLi4QQChannelPlugin.csproj", "{0DCFB20E-CFE2-4927-BC71-47FC2C2371A8}"
EndProject
Project("{9A19103F-16F7-4668-BE54-9A1E7A4F7556}") = "KonataPlugin", "plugins\KonataPlugin\KonataPlugin.csproj", "{841E5EB5-D8A6-48A7-93E4-55938139B574}"
EndProject
Project("{9A19103F-16F7-4668-BE54-9A1E7A4F7556}") = "KonataApp", "test\KonataApp\KonataApp.csproj", "{31D39F7C-C5E1-4349-9DA1-95E984AC6372}"
EndProject
Project("{9A19103F-16F7-4668-BE54-9A1E7A4F7556}") = "CocoaPlugin", "plugins\CocoaPlugin\CocoaPlugin.csproj", "{D96EE98D-2F5C-4A4A-ABED-37556A8707C1}"
EndProject
Project("{9A19103F-16F7-4668-BE54-9A1E7A4F7556}") = "SoraPlugin", "plugins\SoraPlugin\SoraPlugin.csproj", "{4E0411C6-09A1-491C-A11A-DDAA7083BFE3}"
EndProject
Project("{9A19103F-16F7-4668-BE54-9A1E7A4F7556}") = "DocsPlugin", "plugins\DocsPlugin\DocsPlugin.csproj", "{7CDB5D18-8946-4DF5-9ACB-24AC5F9A5906}"
EndProject
Project("{9A19103F-16F7-4668-BE54-9A1E7A4F7556}") = "TelegramPlugin", "plugins\TelegramPlugin\TelegramPlugin.csproj", "{8185E32D-32D9-462D-995F-C4522E636B86}"
EndProject
Project("{9A19103F-16F7-4668-BE54-9A1E7A4F7556}") = "DuplicatiPlugin", "plugins\DuplicatiPlugin\DuplicatiPlugin.csproj", "{81F72AD3-CE49-4886-B18F-443D491A6DB0}"
EndProject
Project("{9A19103F-16F7-4668-BE54-9A1E7A4F7556}") = "WebMonitorPlugin", "plugins\WebMonitorPlugin\WebMonitorPlugin.csproj", "{F10458CE-D27C-41D7-A400-A81007347A93}"
EndProject
Project("{9A19103F-16F7-4668-BE54-9A1E7A4F7556}") = "AutoLogin4QQChannelPlugin", "plugins\AutoLogin4QQChannelPlugin\AutoLogin4QQChannelPlugin.csproj", "{75236213-B219-4FE1-909F-6EE85CE276AC}"
EndProject
Project("{9A19103F-16F7-4668-BE54-9A1E7A4F7556}") = "PluginStore", "plugins\PluginStore\PluginStore.csproj", "{F657DBCF-ED2B-4ECA-9434-F1A205A02D31}"
EndProject
Project("{9A19103F-16F7-4668-BE54-9A1E7A4F7556}") = "MemosPlus", "plugins\MemosPlus\MemosPlus.csproj", "{A6F0747B-A885-4D8C-82C5-131ACFFBF337}"
EndProject
Project("{9A19103F-16F7-4668-BE54-9A1E7A4F7556}") = "TgClientPlugin", "plugins\TgClientPlugin\TgClientPlugin.csproj", "{6FFD13E0-ED0C-44C5-8017-2F8179E4C6CB}"
EndProject
Project("{9A19103F-16F7-4668-BE54-9A1E7A4F7556}") = "ITodaysPlus", "plugins\ITodaysPlus\ITodaysPlus.csproj", "{0C8F60EA-06BA-4EEC-ACDB-3DAF9970F86D}"
EndProject
Project("{9A19103F-16F7-4668-BE54-9A1E7A4F7556}") = "SimUpdater", "src\SimUpdater\SimUpdater.csproj", "{B2E00EDF-816C-49BB-A455-51C7830F5226}"
EndProject
Project("{9A19103F-16F7-4668-BE54-9A1E7A4F7556}") = "AnkiPlus", "plugins\AnkiPlus\AnkiPlus.csproj", "{6EDE027E-01BC-4794-AB66-5C17C33E741C}"
EndProject
Project("{9A19103F-16F7-4668-BE54-9A1E7A4F7556}") = "EleChoPlugin", "plugins\EleChoPlugin\EleChoPlugin.csproj", "{7A809BC4-778C-404E-B1EB-DF50F7A71F83}"
EndProject
Project("{9A19103F-16F7-4668-BE54-9A1E7A4F7556}") = "ApiPluginLoader", "plugins\ApiPluginLoader\ApiPluginLoader.csproj", "{0AA6DFD6-EB3F-41A7-9E70-F67FBC8E5C50}"
EndProject
Project("{9A19103F-16F7-4668-BE54-9A1E7A4F7556}") = "DownloaderPlugin", "plugins\DownloaderPlugin\DownloaderPlugin.csproj", "{3EBDDC28-E821-4683-A5BC-23B8DDF0CF2C}"
EndProject
Project("{9A19103F-16F7-4668-BE54-9A1E7A4F7556}") = "QQStat4SoraPlugin", "plugins\QQStat4SoraPlugin\QQStat4SoraPlugin.csproj", "{FC609C38-3126-4D90-96EE-B481F0BA846A}"
EndProject
Project("{9A19103F-16F7-4668-BE54-9A1E7A4F7556}") = "TgBotStatPlugin", "plugins\TgBotStatPlugin\TgBotStatPlugin.csproj", "{D4A90D39-260A-4066-BA1A-823372F4711F}"
EndProject
Project("{9A19103F-16F7-4668-BE54-9A1E7A4F7556}") = "GoogleTasksPlugin", "plugins\GoogleTasksPlugin\GoogleTasksPlugin.csproj", "{C9359192-A717-41DC-83EC-05F993178853}"
EndProject
Project("{FAE04EC0-301F-11D3-BF4B-00C04F79EFBC}") = "HangfirePlugin", "plugins\HangfirePlugin\HangfirePlugin.csproj", "{4CD773C0-1FC4-4A34-8EDF-6C08B813D35D}"
EndProject
Global
	GlobalSection(SolutionConfigurationPlatforms) = preSolution
		Debug|Any CPU = Debug|Any CPU
		Release|Any CPU = Release|Any CPU
	EndGlobalSection
	GlobalSection(ProjectConfigurationPlatforms) = postSolution
		{30B29087-4E84-4C67-BE3A-1CA8AB47B416}.Debug|Any CPU.ActiveCfg = Debug|Any CPU
		{30B29087-4E84-4C67-BE3A-1CA8AB47B416}.Debug|Any CPU.Build.0 = Debug|Any CPU
		{30B29087-4E84-4C67-BE3A-1CA8AB47B416}.Release|Any CPU.ActiveCfg = Release|Any CPU
		{30B29087-4E84-4C67-BE3A-1CA8AB47B416}.Release|Any CPU.Build.0 = Release|Any CPU
		{E4815DEC-037C-4781-900A-6D8005A2F33B}.Debug|Any CPU.ActiveCfg = Debug|Any CPU
		{E4815DEC-037C-4781-900A-6D8005A2F33B}.Debug|Any CPU.Build.0 = Debug|Any CPU
		{E4815DEC-037C-4781-900A-6D8005A2F33B}.Release|Any CPU.ActiveCfg = Release|Any CPU
		{E4815DEC-037C-4781-900A-6D8005A2F33B}.Release|Any CPU.Build.0 = Release|Any CPU
		{6243DEEC-C677-412E-955D-BD18E02EB6E3}.Debug|Any CPU.ActiveCfg = Debug|Any CPU
		{6243DEEC-C677-412E-955D-BD18E02EB6E3}.Debug|Any CPU.Build.0 = Debug|Any CPU
		{6243DEEC-C677-412E-955D-BD18E02EB6E3}.Release|Any CPU.ActiveCfg = Release|Any CPU
		{6243DEEC-C677-412E-955D-BD18E02EB6E3}.Release|Any CPU.Build.0 = Release|Any CPU
		{D4A8C051-C14E-4123-AF20-794A98FD3662}.Debug|Any CPU.ActiveCfg = Debug|Any CPU
		{D4A8C051-C14E-4123-AF20-794A98FD3662}.Debug|Any CPU.Build.0 = Debug|Any CPU
		{D4A8C051-C14E-4123-AF20-794A98FD3662}.Release|Any CPU.ActiveCfg = Release|Any CPU
		{D4A8C051-C14E-4123-AF20-794A98FD3662}.Release|Any CPU.Build.0 = Release|Any CPU
		{56C78578-C690-4013-8AB6-1ED28770C2B1}.Debug|Any CPU.ActiveCfg = Debug|Any CPU
		{56C78578-C690-4013-8AB6-1ED28770C2B1}.Debug|Any CPU.Build.0 = Debug|Any CPU
		{56C78578-C690-4013-8AB6-1ED28770C2B1}.Release|Any CPU.ActiveCfg = Release|Any CPU
		{56C78578-C690-4013-8AB6-1ED28770C2B1}.Release|Any CPU.Build.0 = Release|Any CPU
		{F6087CC7-5239-42E3-92D6-51F25F6E3EE8}.Debug|Any CPU.ActiveCfg = Debug|Any CPU
		{F6087CC7-5239-42E3-92D6-51F25F6E3EE8}.Debug|Any CPU.Build.0 = Debug|Any CPU
		{F6087CC7-5239-42E3-92D6-51F25F6E3EE8}.Release|Any CPU.ActiveCfg = Release|Any CPU
		{F6087CC7-5239-42E3-92D6-51F25F6E3EE8}.Release|Any CPU.Build.0 = Release|Any CPU
		{AE51E530-8545-40F5-9070-8314E722FEF9}.Debug|Any CPU.ActiveCfg = Debug|Any CPU
		{AE51E530-8545-40F5-9070-8314E722FEF9}.Debug|Any CPU.Build.0 = Debug|Any CPU
		{AE51E530-8545-40F5-9070-8314E722FEF9}.Release|Any CPU.ActiveCfg = Release|Any CPU
		{AE51E530-8545-40F5-9070-8314E722FEF9}.Release|Any CPU.Build.0 = Release|Any CPU
		{3F1C9ACE-0EC3-45FE-B382-97216429086E}.Debug|Any CPU.ActiveCfg = Debug|Any CPU
		{3F1C9ACE-0EC3-45FE-B382-97216429086E}.Debug|Any CPU.Build.0 = Debug|Any CPU
		{3F1C9ACE-0EC3-45FE-B382-97216429086E}.Release|Any CPU.ActiveCfg = Release|Any CPU
		{3F1C9ACE-0EC3-45FE-B382-97216429086E}.Release|Any CPU.Build.0 = Release|Any CPU
		{F0B0E0DF-4490-478A-9C60-C80F0E290FC2}.Debug|Any CPU.ActiveCfg = Debug|Any CPU
		{F0B0E0DF-4490-478A-9C60-C80F0E290FC2}.Debug|Any CPU.Build.0 = Debug|Any CPU
		{F0B0E0DF-4490-478A-9C60-C80F0E290FC2}.Release|Any CPU.ActiveCfg = Release|Any CPU
		{F0B0E0DF-4490-478A-9C60-C80F0E290FC2}.Release|Any CPU.Build.0 = Release|Any CPU
		{61F02E99-EB5C-4E9E-95D7-A2F7CEAFE077}.Debug|Any CPU.ActiveCfg = Debug|Any CPU
		{61F02E99-EB5C-4E9E-95D7-A2F7CEAFE077}.Debug|Any CPU.Build.0 = Debug|Any CPU
		{61F02E99-EB5C-4E9E-95D7-A2F7CEAFE077}.Release|Any CPU.ActiveCfg = Release|Any CPU
		{61F02E99-EB5C-4E9E-95D7-A2F7CEAFE077}.Release|Any CPU.Build.0 = Release|Any CPU
		{B5F526F5-49A7-41C7-A291-FFFF9A2BA05B}.Debug|Any CPU.ActiveCfg = Debug|Any CPU
		{B5F526F5-49A7-41C7-A291-FFFF9A2BA05B}.Debug|Any CPU.Build.0 = Debug|Any CPU
		{B5F526F5-49A7-41C7-A291-FFFF9A2BA05B}.Release|Any CPU.ActiveCfg = Release|Any CPU
		{B5F526F5-49A7-41C7-A291-FFFF9A2BA05B}.Release|Any CPU.Build.0 = Release|Any CPU
		{4A137527-1CB2-48DF-8BF5-CB9532592D14}.Debug|Any CPU.ActiveCfg = Debug|Any CPU
		{4A137527-1CB2-48DF-8BF5-CB9532592D14}.Debug|Any CPU.Build.0 = Debug|Any CPU
		{4A137527-1CB2-48DF-8BF5-CB9532592D14}.Release|Any CPU.ActiveCfg = Release|Any CPU
		{4A137527-1CB2-48DF-8BF5-CB9532592D14}.Release|Any CPU.Build.0 = Release|Any CPU
		{AA865F02-FB95-4624-94B6-DE51FB34015A}.Debug|Any CPU.ActiveCfg = Debug|Any CPU
		{AA865F02-FB95-4624-94B6-DE51FB34015A}.Debug|Any CPU.Build.0 = Debug|Any CPU
		{AA865F02-FB95-4624-94B6-DE51FB34015A}.Release|Any CPU.ActiveCfg = Release|Any CPU
		{AA865F02-FB95-4624-94B6-DE51FB34015A}.Release|Any CPU.Build.0 = Release|Any CPU
		{19926B94-9C88-42C5-B80F-A76B1134E9CC}.Debug|Any CPU.ActiveCfg = Debug|Any CPU
		{19926B94-9C88-42C5-B80F-A76B1134E9CC}.Debug|Any CPU.Build.0 = Debug|Any CPU
		{19926B94-9C88-42C5-B80F-A76B1134E9CC}.Release|Any CPU.ActiveCfg = Release|Any CPU
		{19926B94-9C88-42C5-B80F-A76B1134E9CC}.Release|Any CPU.Build.0 = Release|Any CPU
		{8BEB0C54-7117-4025-8042-4D947E6E45F2}.Debug|Any CPU.ActiveCfg = Debug|Any CPU
		{8BEB0C54-7117-4025-8042-4D947E6E45F2}.Debug|Any CPU.Build.0 = Debug|Any CPU
		{8BEB0C54-7117-4025-8042-4D947E6E45F2}.Release|Any CPU.ActiveCfg = Release|Any CPU
		{8BEB0C54-7117-4025-8042-4D947E6E45F2}.Release|Any CPU.Build.0 = Release|Any CPU
		{0DCFB20E-CFE2-4927-BC71-47FC2C2371A8}.Debug|Any CPU.ActiveCfg = Debug|Any CPU
		{0DCFB20E-CFE2-4927-BC71-47FC2C2371A8}.Debug|Any CPU.Build.0 = Debug|Any CPU
		{0DCFB20E-CFE2-4927-BC71-47FC2C2371A8}.Release|Any CPU.ActiveCfg = Release|Any CPU
		{0DCFB20E-CFE2-4927-BC71-47FC2C2371A8}.Release|Any CPU.Build.0 = Release|Any CPU
		{841E5EB5-D8A6-48A7-93E4-55938139B574}.Debug|Any CPU.ActiveCfg = Debug|Any CPU
		{841E5EB5-D8A6-48A7-93E4-55938139B574}.Debug|Any CPU.Build.0 = Debug|Any CPU
		{841E5EB5-D8A6-48A7-93E4-55938139B574}.Release|Any CPU.ActiveCfg = Release|Any CPU
		{841E5EB5-D8A6-48A7-93E4-55938139B574}.Release|Any CPU.Build.0 = Release|Any CPU
		{31D39F7C-C5E1-4349-9DA1-95E984AC6372}.Debug|Any CPU.ActiveCfg = Debug|Any CPU
		{31D39F7C-C5E1-4349-9DA1-95E984AC6372}.Debug|Any CPU.Build.0 = Debug|Any CPU
		{31D39F7C-C5E1-4349-9DA1-95E984AC6372}.Release|Any CPU.ActiveCfg = Release|Any CPU
		{31D39F7C-C5E1-4349-9DA1-95E984AC6372}.Release|Any CPU.Build.0 = Release|Any CPU
		{D96EE98D-2F5C-4A4A-ABED-37556A8707C1}.Debug|Any CPU.ActiveCfg = Debug|Any CPU
		{D96EE98D-2F5C-4A4A-ABED-37556A8707C1}.Debug|Any CPU.Build.0 = Debug|Any CPU
		{D96EE98D-2F5C-4A4A-ABED-37556A8707C1}.Release|Any CPU.ActiveCfg = Release|Any CPU
		{D96EE98D-2F5C-4A4A-ABED-37556A8707C1}.Release|Any CPU.Build.0 = Release|Any CPU
		{4E0411C6-09A1-491C-A11A-DDAA7083BFE3}.Debug|Any CPU.ActiveCfg = Debug|Any CPU
		{4E0411C6-09A1-491C-A11A-DDAA7083BFE3}.Debug|Any CPU.Build.0 = Debug|Any CPU
		{4E0411C6-09A1-491C-A11A-DDAA7083BFE3}.Release|Any CPU.ActiveCfg = Release|Any CPU
		{4E0411C6-09A1-491C-A11A-DDAA7083BFE3}.Release|Any CPU.Build.0 = Release|Any CPU
		{7CDB5D18-8946-4DF5-9ACB-24AC5F9A5906}.Debug|Any CPU.ActiveCfg = Debug|Any CPU
		{7CDB5D18-8946-4DF5-9ACB-24AC5F9A5906}.Debug|Any CPU.Build.0 = Debug|Any CPU
		{7CDB5D18-8946-4DF5-9ACB-24AC5F9A5906}.Release|Any CPU.ActiveCfg = Release|Any CPU
		{7CDB5D18-8946-4DF5-9ACB-24AC5F9A5906}.Release|Any CPU.Build.0 = Release|Any CPU
		{8185E32D-32D9-462D-995F-C4522E636B86}.Debug|Any CPU.ActiveCfg = Debug|Any CPU
		{8185E32D-32D9-462D-995F-C4522E636B86}.Debug|Any CPU.Build.0 = Debug|Any CPU
		{8185E32D-32D9-462D-995F-C4522E636B86}.Release|Any CPU.ActiveCfg = Release|Any CPU
		{8185E32D-32D9-462D-995F-C4522E636B86}.Release|Any CPU.Build.0 = Release|Any CPU
		{81F72AD3-CE49-4886-B18F-443D491A6DB0}.Debug|Any CPU.ActiveCfg = Debug|Any CPU
		{81F72AD3-CE49-4886-B18F-443D491A6DB0}.Debug|Any CPU.Build.0 = Debug|Any CPU
		{81F72AD3-CE49-4886-B18F-443D491A6DB0}.Release|Any CPU.ActiveCfg = Release|Any CPU
		{81F72AD3-CE49-4886-B18F-443D491A6DB0}.Release|Any CPU.Build.0 = Release|Any CPU
		{F10458CE-D27C-41D7-A400-A81007347A93}.Debug|Any CPU.ActiveCfg = Debug|Any CPU
		{F10458CE-D27C-41D7-A400-A81007347A93}.Debug|Any CPU.Build.0 = Debug|Any CPU
		{F10458CE-D27C-41D7-A400-A81007347A93}.Release|Any CPU.ActiveCfg = Release|Any CPU
		{F10458CE-D27C-41D7-A400-A81007347A93}.Release|Any CPU.Build.0 = Release|Any CPU
		{75236213-B219-4FE1-909F-6EE85CE276AC}.Debug|Any CPU.ActiveCfg = Debug|Any CPU
		{75236213-B219-4FE1-909F-6EE85CE276AC}.Debug|Any CPU.Build.0 = Debug|Any CPU
		{75236213-B219-4FE1-909F-6EE85CE276AC}.Release|Any CPU.ActiveCfg = Release|Any CPU
		{75236213-B219-4FE1-909F-6EE85CE276AC}.Release|Any CPU.Build.0 = Release|Any CPU
		{F657DBCF-ED2B-4ECA-9434-F1A205A02D31}.Debug|Any CPU.ActiveCfg = Debug|Any CPU
		{F657DBCF-ED2B-4ECA-9434-F1A205A02D31}.Debug|Any CPU.Build.0 = Debug|Any CPU
		{F657DBCF-ED2B-4ECA-9434-F1A205A02D31}.Release|Any CPU.ActiveCfg = Release|Any CPU
		{F657DBCF-ED2B-4ECA-9434-F1A205A02D31}.Release|Any CPU.Build.0 = Release|Any CPU
		{A6F0747B-A885-4D8C-82C5-131ACFFBF337}.Debug|Any CPU.ActiveCfg = Debug|Any CPU
		{A6F0747B-A885-4D8C-82C5-131ACFFBF337}.Debug|Any CPU.Build.0 = Debug|Any CPU
		{A6F0747B-A885-4D8C-82C5-131ACFFBF337}.Release|Any CPU.ActiveCfg = Release|Any CPU
		{A6F0747B-A885-4D8C-82C5-131ACFFBF337}.Release|Any CPU.Build.0 = Release|Any CPU
		{6FFD13E0-ED0C-44C5-8017-2F8179E4C6CB}.Debug|Any CPU.ActiveCfg = Debug|Any CPU
		{6FFD13E0-ED0C-44C5-8017-2F8179E4C6CB}.Debug|Any CPU.Build.0 = Debug|Any CPU
		{6FFD13E0-ED0C-44C5-8017-2F8179E4C6CB}.Release|Any CPU.ActiveCfg = Release|Any CPU
		{6FFD13E0-ED0C-44C5-8017-2F8179E4C6CB}.Release|Any CPU.Build.0 = Release|Any CPU
		{0C8F60EA-06BA-4EEC-ACDB-3DAF9970F86D}.Debug|Any CPU.ActiveCfg = Debug|Any CPU
		{0C8F60EA-06BA-4EEC-ACDB-3DAF9970F86D}.Debug|Any CPU.Build.0 = Debug|Any CPU
		{0C8F60EA-06BA-4EEC-ACDB-3DAF9970F86D}.Release|Any CPU.ActiveCfg = Release|Any CPU
		{0C8F60EA-06BA-4EEC-ACDB-3DAF9970F86D}.Release|Any CPU.Build.0 = Release|Any CPU
		{B2E00EDF-816C-49BB-A455-51C7830F5226}.Debug|Any CPU.ActiveCfg = Debug|Any CPU
		{B2E00EDF-816C-49BB-A455-51C7830F5226}.Debug|Any CPU.Build.0 = Debug|Any CPU
		{B2E00EDF-816C-49BB-A455-51C7830F5226}.Release|Any CPU.ActiveCfg = Release|Any CPU
		{B2E00EDF-816C-49BB-A455-51C7830F5226}.Release|Any CPU.Build.0 = Release|Any CPU
		{6EDE027E-01BC-4794-AB66-5C17C33E741C}.Debug|Any CPU.ActiveCfg = Debug|Any CPU
		{6EDE027E-01BC-4794-AB66-5C17C33E741C}.Debug|Any CPU.Build.0 = Debug|Any CPU
		{6EDE027E-01BC-4794-AB66-5C17C33E741C}.Release|Any CPU.ActiveCfg = Release|Any CPU
		{6EDE027E-01BC-4794-AB66-5C17C33E741C}.Release|Any CPU.Build.0 = Release|Any CPU
		{7A809BC4-778C-404E-B1EB-DF50F7A71F83}.Debug|Any CPU.ActiveCfg = Debug|Any CPU
		{7A809BC4-778C-404E-B1EB-DF50F7A71F83}.Debug|Any CPU.Build.0 = Debug|Any CPU
		{7A809BC4-778C-404E-B1EB-DF50F7A71F83}.Release|Any CPU.ActiveCfg = Release|Any CPU
		{7A809BC4-778C-404E-B1EB-DF50F7A71F83}.Release|Any CPU.Build.0 = Release|Any CPU
		{0AA6DFD6-EB3F-41A7-9E70-F67FBC8E5C50}.Debug|Any CPU.ActiveCfg = Debug|Any CPU
		{0AA6DFD6-EB3F-41A7-9E70-F67FBC8E5C50}.Debug|Any CPU.Build.0 = Debug|Any CPU
		{0AA6DFD6-EB3F-41A7-9E70-F67FBC8E5C50}.Release|Any CPU.ActiveCfg = Release|Any CPU
		{0AA6DFD6-EB3F-41A7-9E70-F67FBC8E5C50}.Release|Any CPU.Build.0 = Release|Any CPU
		{3EBDDC28-E821-4683-A5BC-23B8DDF0CF2C}.Debug|Any CPU.ActiveCfg = Debug|Any CPU
		{3EBDDC28-E821-4683-A5BC-23B8DDF0CF2C}.Debug|Any CPU.Build.0 = Debug|Any CPU
		{3EBDDC28-E821-4683-A5BC-23B8DDF0CF2C}.Release|Any CPU.ActiveCfg = Release|Any CPU
		{3EBDDC28-E821-4683-A5BC-23B8DDF0CF2C}.Release|Any CPU.Build.0 = Release|Any CPU
		{FC609C38-3126-4D90-96EE-B481F0BA846A}.Debug|Any CPU.ActiveCfg = Debug|Any CPU
		{FC609C38-3126-4D90-96EE-B481F0BA846A}.Debug|Any CPU.Build.0 = Debug|Any CPU
		{FC609C38-3126-4D90-96EE-B481F0BA846A}.Release|Any CPU.ActiveCfg = Release|Any CPU
		{FC609C38-3126-4D90-96EE-B481F0BA846A}.Release|Any CPU.Build.0 = Release|Any CPU
		{D4A90D39-260A-4066-BA1A-823372F4711F}.Debug|Any CPU.ActiveCfg = Debug|Any CPU
		{D4A90D39-260A-4066-BA1A-823372F4711F}.Debug|Any CPU.Build.0 = Debug|Any CPU
		{D4A90D39-260A-4066-BA1A-823372F4711F}.Release|Any CPU.ActiveCfg = Release|Any CPU
		{D4A90D39-260A-4066-BA1A-823372F4711F}.Release|Any CPU.Build.0 = Release|Any CPU
		{C9359192-A717-41DC-83EC-05F993178853}.Debug|Any CPU.ActiveCfg = Debug|Any CPU
		{C9359192-A717-41DC-83EC-05F993178853}.Debug|Any CPU.Build.0 = Debug|Any CPU
		{C9359192-A717-41DC-83EC-05F993178853}.Release|Any CPU.ActiveCfg = Release|Any CPU
		{C9359192-A717-41DC-83EC-05F993178853}.Release|Any CPU.Build.0 = Release|Any CPU
		{4CD773C0-1FC4-4A34-8EDF-6C08B813D35D}.Debug|Any CPU.ActiveCfg = Debug|Any CPU
		{4CD773C0-1FC4-4A34-8EDF-6C08B813D35D}.Debug|Any CPU.Build.0 = Debug|Any CPU
		{4CD773C0-1FC4-4A34-8EDF-6C08B813D35D}.Release|Any CPU.ActiveCfg = Release|Any CPU
		{4CD773C0-1FC4-4A34-8EDF-6C08B813D35D}.Release|Any CPU.Build.0 = Release|Any CPU
	EndGlobalSection
	GlobalSection(SolutionProperties) = preSolution
		HideSolutionNode = FALSE
	EndGlobalSection
	GlobalSection(NestedProjects) = preSolution
		{30B29087-4E84-4C67-BE3A-1CA8AB47B416} = {BDFD03E4-0A99-49A3-95A7-F7132EC4FF00}
		{6243DEEC-C677-412E-955D-BD18E02EB6E3} = {4B4BFBBE-8CE4-453C-B05A-EAFE933B79C9}
		{D4A8C051-C14E-4123-AF20-794A98FD3662} = {4B4BFBBE-8CE4-453C-B05A-EAFE933B79C9}
		{56C78578-C690-4013-8AB6-1ED28770C2B1} = {BDFD03E4-0A99-49A3-95A7-F7132EC4FF00}
		{F6087CC7-5239-42E3-92D6-51F25F6E3EE8} = {4B4BFBBE-8CE4-453C-B05A-EAFE933B79C9}
		{AE51E530-8545-40F5-9070-8314E722FEF9} = {BDFD03E4-0A99-49A3-95A7-F7132EC4FF00}
		{3F1C9ACE-0EC3-45FE-B382-97216429086E} = {BDFD03E4-0A99-49A3-95A7-F7132EC4FF00}
		{F0B0E0DF-4490-478A-9C60-C80F0E290FC2} = {BDFD03E4-0A99-49A3-95A7-F7132EC4FF00}
		{61F02E99-EB5C-4E9E-95D7-A2F7CEAFE077} = {BDFD03E4-0A99-49A3-95A7-F7132EC4FF00}
		{B5F526F5-49A7-41C7-A291-FFFF9A2BA05B} = {4B4BFBBE-8CE4-453C-B05A-EAFE933B79C9}
		{4A137527-1CB2-48DF-8BF5-CB9532592D14} = {4B4BFBBE-8CE4-453C-B05A-EAFE933B79C9}
		{AA865F02-FB95-4624-94B6-DE51FB34015A} = {4B4BFBBE-8CE4-453C-B05A-EAFE933B79C9}
		{19926B94-9C88-42C5-B80F-A76B1134E9CC} = {4B4BFBBE-8CE4-453C-B05A-EAFE933B79C9}
		{8BEB0C54-7117-4025-8042-4D947E6E45F2} = {4B4BFBBE-8CE4-453C-B05A-EAFE933B79C9}
		{0DCFB20E-CFE2-4927-BC71-47FC2C2371A8} = {4B4BFBBE-8CE4-453C-B05A-EAFE933B79C9}
		{841E5EB5-D8A6-48A7-93E4-55938139B574} = {4B4BFBBE-8CE4-453C-B05A-EAFE933B79C9}
		{31D39F7C-C5E1-4349-9DA1-95E984AC6372} = {F5C1CDD2-053C-4C8E-8192-7A97477CFC44}
		{D96EE98D-2F5C-4A4A-ABED-37556A8707C1} = {4B4BFBBE-8CE4-453C-B05A-EAFE933B79C9}
		{4E0411C6-09A1-491C-A11A-DDAA7083BFE3} = {4B4BFBBE-8CE4-453C-B05A-EAFE933B79C9}
		{7CDB5D18-8946-4DF5-9ACB-24AC5F9A5906} = {4B4BFBBE-8CE4-453C-B05A-EAFE933B79C9}
		{8185E32D-32D9-462D-995F-C4522E636B86} = {4B4BFBBE-8CE4-453C-B05A-EAFE933B79C9}
		{81F72AD3-CE49-4886-B18F-443D491A6DB0} = {4B4BFBBE-8CE4-453C-B05A-EAFE933B79C9}
		{F10458CE-D27C-41D7-A400-A81007347A93} = {4B4BFBBE-8CE4-453C-B05A-EAFE933B79C9}
		{75236213-B219-4FE1-909F-6EE85CE276AC} = {4B4BFBBE-8CE4-453C-B05A-EAFE933B79C9}
		{F657DBCF-ED2B-4ECA-9434-F1A205A02D31} = {4B4BFBBE-8CE4-453C-B05A-EAFE933B79C9}
		{A6F0747B-A885-4D8C-82C5-131ACFFBF337} = {4B4BFBBE-8CE4-453C-B05A-EAFE933B79C9}
		{6FFD13E0-ED0C-44C5-8017-2F8179E4C6CB} = {4B4BFBBE-8CE4-453C-B05A-EAFE933B79C9}
		{0C8F60EA-06BA-4EEC-ACDB-3DAF9970F86D} = {4B4BFBBE-8CE4-453C-B05A-EAFE933B79C9}
		{B2E00EDF-816C-49BB-A455-51C7830F5226} = {BDFD03E4-0A99-49A3-95A7-F7132EC4FF00}
		{6EDE027E-01BC-4794-AB66-5C17C33E741C} = {4B4BFBBE-8CE4-453C-B05A-EAFE933B79C9}
		{7A809BC4-778C-404E-B1EB-DF50F7A71F83} = {4B4BFBBE-8CE4-453C-B05A-EAFE933B79C9}
		{0AA6DFD6-EB3F-41A7-9E70-F67FBC8E5C50} = {4B4BFBBE-8CE4-453C-B05A-EAFE933B79C9}
		{3EBDDC28-E821-4683-A5BC-23B8DDF0CF2C} = {4B4BFBBE-8CE4-453C-B05A-EAFE933B79C9}
		{FC609C38-3126-4D90-96EE-B481F0BA846A} = {4B4BFBBE-8CE4-453C-B05A-EAFE933B79C9}
		{D4A90D39-260A-4066-BA1A-823372F4711F} = {4B4BFBBE-8CE4-453C-B05A-EAFE933B79C9}
		{C9359192-A717-41DC-83EC-05F993178853} = {4B4BFBBE-8CE4-453C-B05A-EAFE933B79C9}
		{4CD773C0-1FC4-4A34-8EDF-6C08B813D35D} = {4B4BFBBE-8CE4-453C-B05A-EAFE933B79C9}
	EndGlobalSection
	GlobalSection(ExtensibilityGlobals) = postSolution
		SolutionGuid = {3F1D77E3-11F8-4B5B-BEED-EE2816D57A86}
	EndGlobalSection
EndGlobal
