
Microsoft Visual Studio Solution File, Format Version 12.00
# Visual Studio Version 17
VisualStudioVersion = 17.0.31612.314
MinimumVisualStudioVersion = 10.0.40219.1
Project("{2150E333-8FDC-42A3-9474-1A3956D46DE8}") = "src", "src", "{BDFD03E4-0A99-49A3-95A7-F7132EC4FF00}"
EndProject
Project("{9A19103F-16F7-4668-BE54-9A1E7A4F7556}") = "QQBotHub.Web", "src\QQBotHub.Web\QQBotHub.Web.csproj", "{30B29087-4E84-4C67-BE3A-1CA8AB47B416}"
EndProject
Project("{E53339B2-1760-4266-BCC7-CA923CBCF16C}") = "docker-compose", "docker-compose.dcproj", "{E4815DEC-037C-4781-900A-6D8005A2F33B}"
EndProject
Project("{2150E333-8FDC-42A3-9474-1A3956D46DE8}") = "plugins", "plugins", "{4B4BFBBE-8CE4-453C-B05A-EAFE933B79C9}"
EndProject
Project("{9A19103F-16F7-4668-BE54-9A1E7A4F7556}") = "QQHelloWorldPlugin", "plugins\QQHelloWorldPlugin\QQHelloWorldPlugin.csproj", "{6243DEEC-C677-412E-955D-BD18E02EB6E3}"
EndProject
Project("{2150E333-8FDC-42A3-9474-1A3956D46DE8}") = "test", "test", "{F5C1CDD2-053C-4C8E-8192-7A97477CFC44}"
EndProject
Project("{9A19103F-16F7-4668-BE54-9A1E7A4F7556}") = "ConsoleApp", "test\ConsoleApp\ConsoleApp.csproj", "{DD974327-3D52-447A-9652-62811800140D}"
EndProject
Project("{9A19103F-16F7-4668-BE54-9A1E7A4F7556}") = "QQStatPlugin", "plugins\QQStatPlugin\QQStatPlugin.csproj", "{D4A8C051-C14E-4123-AF20-794A98FD3662}"
EndProject
Global
	GlobalSection(SolutionConfigurationPlatforms) = preSolution
		Debug|Any CPU = Debug|Any CPU
		Release|Any CPU = Release|Any CPU
	EndGlobalSection
	GlobalSection(ProjectConfigurationPlatforms) = postSolution
		{30B29087-4E84-4C67-BE3A-1CA8AB47B416}.Debug|Any CPU.ActiveCfg = Debug|Any CPU
		{30B29087-4E84-4C67-BE3A-1CA8AB47B416}.Debug|Any CPU.Build.0 = Debug|Any CPU
		{30B29087-4E84-4C67-BE3A-1CA8AB47B416}.Release|Any CPU.ActiveCfg = Release|Any CPU
		{30B29087-4E84-4C67-BE3A-1CA8AB47B416}.Release|Any CPU.Build.0 = Release|Any CPU
		{E4815DEC-037C-4781-900A-6D8005A2F33B}.Debug|Any CPU.ActiveCfg = Debug|Any CPU
		{E4815DEC-037C-4781-900A-6D8005A2F33B}.Debug|Any CPU.Build.0 = Debug|Any CPU
		{E4815DEC-037C-4781-900A-6D8005A2F33B}.Release|Any CPU.ActiveCfg = Release|Any CPU
		{E4815DEC-037C-4781-900A-6D8005A2F33B}.Release|Any CPU.Build.0 = Release|Any CPU
		{6243DEEC-C677-412E-955D-BD18E02EB6E3}.Debug|Any CPU.ActiveCfg = Debug|Any CPU
		{6243DEEC-C677-412E-955D-BD18E02EB6E3}.Debug|Any CPU.Build.0 = Debug|Any CPU
		{6243DEEC-C677-412E-955D-BD18E02EB6E3}.Release|Any CPU.ActiveCfg = Release|Any CPU
		{6243DEEC-C677-412E-955D-BD18E02EB6E3}.Release|Any CPU.Build.0 = Release|Any CPU
		{DD974327-3D52-447A-9652-62811800140D}.Debug|Any CPU.ActiveCfg = Debug|Any CPU
		{DD974327-3D52-447A-9652-62811800140D}.Debug|Any CPU.Build.0 = Debug|Any CPU
		{DD974327-3D52-447A-9652-62811800140D}.Release|Any CPU.ActiveCfg = Release|Any CPU
		{DD974327-3D52-447A-9652-62811800140D}.Release|Any CPU.Build.0 = Release|Any CPU
		{D4A8C051-C14E-4123-AF20-794A98FD3662}.Debug|Any CPU.ActiveCfg = Debug|Any CPU
		{D4A8C051-C14E-4123-AF20-794A98FD3662}.Debug|Any CPU.Build.0 = Debug|Any CPU
		{D4A8C051-C14E-4123-AF20-794A98FD3662}.Release|Any CPU.ActiveCfg = Release|Any CPU
		{D4A8C051-C14E-4123-AF20-794A98FD3662}.Release|Any CPU.Build.0 = Release|Any CPU
	EndGlobalSection
	GlobalSection(SolutionProperties) = preSolution
		HideSolutionNode = FALSE
	EndGlobalSection
	GlobalSection(NestedProjects) = preSolution
		{30B29087-4E84-4C67-BE3A-1CA8AB47B416} = {BDFD03E4-0A99-49A3-95A7-F7132EC4FF00}
		{6243DEEC-C677-412E-955D-BD18E02EB6E3} = {4B4BFBBE-8CE4-453C-B05A-EAFE933B79C9}
		{DD974327-3D52-447A-9652-62811800140D} = {F5C1CDD2-053C-4C8E-8192-7A97477CFC44}
		{D4A8C051-C14E-4123-AF20-794A98FD3662} = {4B4BFBBE-8CE4-453C-B05A-EAFE933B79C9}
	EndGlobalSection
	GlobalSection(ExtensibilityGlobals) = postSolution
		SolutionGuid = {3F1D77E3-11F8-4B5B-BEED-EE2816D57A86}
	EndGlobalSection
EndGlobal
